
Microsoft Visual Studio Solution File, Format Version 12.00
# Visual Studio 15
VisualStudioVersion = 15.0.28307.1525
MinimumVisualStudioVersion = 10.0.40219.1
Project("{FAE04EC0-301F-11D3-BF4B-00C04F79EFBC}") = "ApiRest", "ApiRest\ApiRest.csproj", "{C7CF1EED-B580-4471-B504-67A04D42BB42}"
EndProject
Project("{FAE04EC0-301F-11D3-BF4B-00C04F79EFBC}") = "AccessData", "AccessData\AccessData.csproj", "{54135A04-A9B1-4384-8E5F-CA738EC14690}"
EndProject
Global
	GlobalSection(SolutionConfigurationPlatforms) = preSolution
		Debug|Any CPU = Debug|Any CPU
		Release|Any CPU = Release|Any CPU
	EndGlobalSection
	GlobalSection(ProjectConfigurationPlatforms) = postSolution
		{C7CF1EED-B580-4471-B504-67A04D42BB42}.Debug|Any CPU.ActiveCfg = Debug|Any CPU
		{C7CF1EED-B580-4471-B504-67A04D42BB42}.Debug|Any CPU.Build.0 = Debug|Any CPU
		{C7CF1EED-B580-4471-B504-67A04D42BB42}.Release|Any CPU.ActiveCfg = Release|Any CPU
		{C7CF1EED-B580-4471-B504-67A04D42BB42}.Release|Any CPU.Build.0 = Release|Any CPU
		{54135A04-A9B1-4384-8E5F-CA738EC14690}.Debug|Any CPU.ActiveCfg = Debug|Any CPU
		{54135A04-A9B1-4384-8E5F-CA738EC14690}.Debug|Any CPU.Build.0 = Debug|Any CPU
		{54135A04-A9B1-4384-8E5F-CA738EC14690}.Release|Any CPU.ActiveCfg = Release|Any CPU
		{54135A04-A9B1-4384-8E5F-CA738EC14690}.Release|Any CPU.Build.0 = Release|Any CPU
	EndGlobalSection
	GlobalSection(SolutionProperties) = preSolution
		HideSolutionNode = FALSE
	EndGlobalSection
	GlobalSection(ExtensibilityGlobals) = postSolution
		SolutionGuid = {4E4E132A-7588-4113-867B-697A46F4864E}
	EndGlobalSection
EndGlobal
